
Microsoft Visual Studio Solution File, Format Version 12.00
# Visual Studio Version 17
VisualStudioVersion = 17.14.36623.8 d17.14
MinimumVisualStudioVersion = 10.0.40219.1
Project("{FAE04EC0-301F-11D3-BF4B-00C04F79EFBC}") = "gestao-escolar-api", "gestao-escolar-api.csproj", "{FA33B5CC-008D-86A4-0BA1-A62941EE95EB}"
EndProject
Global
	GlobalSection(SolutionConfigurationPlatforms) = preSolution
		Debug|Any CPU = Debug|Any CPU
		Release|Any CPU = Release|Any CPU
	EndGlobalSection
	GlobalSection(ProjectConfigurationPlatforms) = postSolution
		{FA33B5CC-008D-86A4-0BA1-A62941EE95EB}.Debug|Any CPU.ActiveCfg = Debug|Any CPU
		{FA33B5CC-008D-86A4-0BA1-A62941EE95EB}.Debug|Any CPU.Build.0 = Debug|Any CPU
		{FA33B5CC-008D-86A4-0BA1-A62941EE95EB}.Release|Any CPU.ActiveCfg = Release|Any CPU
		{FA33B5CC-008D-86A4-0BA1-A62941EE95EB}.Release|Any CPU.Build.0 = Release|Any CPU
	EndGlobalSection
	GlobalSection(SolutionProperties) = preSolution
		HideSolutionNode = FALSE
	EndGlobalSection
	GlobalSection(ExtensibilityGlobals) = postSolution
		SolutionGuid = {56D7DCBC-455C-4527-B404-216ED06A8C63}
	EndGlobalSection
EndGlobal
